
Microsoft Visual Studio Solution File, Format Version 12.00
# Visual Studio Version 17
VisualStudioVersion = 17.0.31912.275
MinimumVisualStudioVersion = 10.0.40219.1
Project("{FAE04EC0-301F-11D3-BF4B-00C04F79EFBC}") = "MatrixTray.Common", "MatrixTray.Common\MatrixTray.Common.csproj", "{51D73E2E-AD52-42ED-87EC-E8C95FD0E603}"
EndProject
Project("{FAE04EC0-301F-11D3-BF4B-00C04F79EFBC}") = "MatrixTray.Main", "..\MatrixTray.Main\MatrixTray.Main.csproj", "{9BA922C2-3427-45E9-87DB-A708189CD481}"
EndProject
Global
	GlobalSection(SolutionConfigurationPlatforms) = preSolution
		Debug|Any CPU = Debug|Any CPU
		Release|Any CPU = Release|Any CPU
	EndGlobalSection
	GlobalSection(ProjectConfigurationPlatforms) = postSolution
		{51D73E2E-AD52-42ED-87EC-E8C95FD0E603}.Debug|Any CPU.ActiveCfg = Debug|Any CPU
		{51D73E2E-AD52-42ED-87EC-E8C95FD0E603}.Debug|Any CPU.Build.0 = Debug|Any CPU
		{51D73E2E-AD52-42ED-87EC-E8C95FD0E603}.Release|Any CPU.ActiveCfg = Release|Any CPU
		{51D73E2E-AD52-42ED-87EC-E8C95FD0E603}.Release|Any CPU.Build.0 = Release|Any CPU
		{9BA922C2-3427-45E9-87DB-A708189CD481}.Debug|Any CPU.ActiveCfg = Debug|Any CPU
		{9BA922C2-3427-45E9-87DB-A708189CD481}.Debug|Any CPU.Build.0 = Debug|Any CPU
		{9BA922C2-3427-45E9-87DB-A708189CD481}.Release|Any CPU.ActiveCfg = Release|Any CPU
		{9BA922C2-3427-45E9-87DB-A708189CD481}.Release|Any CPU.Build.0 = Release|Any CPU
	EndGlobalSection
	GlobalSection(SolutionProperties) = preSolution
		HideSolutionNode = FALSE
	EndGlobalSection
	GlobalSection(ExtensibilityGlobals) = postSolution
		SolutionGuid = {15FE58C9-CC25-4814-8798-4472F9E2499E}
	EndGlobalSection
EndGlobal
